
Microsoft Visual Studio Solution File, Format Version 12.00
# Visual Studio Version 17
VisualStudioVersion = 17.0.31903.59
MinimumVisualStudioVersion = 10.0.40219.1
Project("{2150E333-8FDC-42A3-9474-1A3956D46DE8}") = "src", "src", "{827E0CD3-B72D-47B6-A68D-7590B98EB39B}"
EndProject
Project("{FAE04EC0-301F-11D3-BF4B-00C04F79EFBC}") = "LuckyWheel.Api", "src\LuckyWheel.Api\LuckyWheel.Api.csproj", "{9B012B95-0C55-4C66-AA0F-E540FD013348}"
EndProject
Project("{FAE04EC0-301F-11D3-BF4B-00C04F79EFBC}") = "LuckyWheel.Application", "src\LuckyWheel.Application\LuckyWheel.Application.csproj", "{2A5B6D32-AA44-4EFE-9DF0-4CF174D3A6D9}"
EndProject
Project("{FAE04EC0-301F-11D3-BF4B-00C04F79EFBC}") = "LuckyWheel.Domain", "src\LuckyWheel.Domain\LuckyWheel.Domain.csproj", "{E57B9A6D-5DA1-4A21-A5CD-3722B6A7D344}"
EndProject
Project("{FAE04EC0-301F-11D3-BF4B-00C04F79EFBC}") = "LuckyWheel.Infrastructure", "src\LuckyWheel.Infrastructure\LuckyWheel.Infrastructure.csproj", "{D85C1C90-4DDC-428F-83AD-89B920C7A70C}"
EndProject
Project("{2150E333-8FDC-42A3-9474-1A3956D46DE8}") = "tests", "tests", "{0AB3BF05-4346-4AA6-1389-037BE0695223}"
EndProject
Project("{FAE04EC0-301F-11D3-BF4B-00C04F79EFBC}") = "LuckyWheel.UnitTests", "tests\LuckyWheel.UnitTests\LuckyWheel.UnitTests.csproj", "{3190B3E9-C22A-4599-B13F-7E03F6626CB3}"
EndProject
Project("{FAE04EC0-301F-11D3-BF4B-00C04F79EFBC}") = "LuckyWheel.IntegrationTests", "tests\LuckyWheel.IntegrationTests\LuckyWheel.IntegrationTests.csproj", "{1DBB29AC-D6E3-4CCC-B736-4FFFB94C1DF3}"
EndProject
Global
	GlobalSection(SolutionConfigurationPlatforms) = preSolution
		Debug|Any CPU = Debug|Any CPU
		Debug|x64 = Debug|x64
		Debug|x86 = Debug|x86
		Release|Any CPU = Release|Any CPU
		Release|x64 = Release|x64
		Release|x86 = Release|x86
	EndGlobalSection
	GlobalSection(ProjectConfigurationPlatforms) = postSolution
		{9B012B95-0C55-4C66-AA0F-E540FD013348}.Debug|Any CPU.ActiveCfg = Debug|Any CPU
		{9B012B95-0C55-4C66-AA0F-E540FD013348}.Debug|Any CPU.Build.0 = Debug|Any CPU
		{9B012B95-0C55-4C66-AA0F-E540FD013348}.Debug|x64.ActiveCfg = Debug|Any CPU
		{9B012B95-0C55-4C66-AA0F-E540FD013348}.Debug|x64.Build.0 = Debug|Any CPU
		{9B012B95-0C55-4C66-AA0F-E540FD013348}.Debug|x86.ActiveCfg = Debug|Any CPU
		{9B012B95-0C55-4C66-AA0F-E540FD013348}.Debug|x86.Build.0 = Debug|Any CPU
		{9B012B95-0C55-4C66-AA0F-E540FD013348}.Release|Any CPU.ActiveCfg = Release|Any CPU
		{9B012B95-0C55-4C66-AA0F-E540FD013348}.Release|Any CPU.Build.0 = Release|Any CPU
		{9B012B95-0C55-4C66-AA0F-E540FD013348}.Release|x64.ActiveCfg = Release|Any CPU
		{9B012B95-0C55-4C66-AA0F-E540FD013348}.Release|x64.Build.0 = Release|Any CPU
		{9B012B95-0C55-4C66-AA0F-E540FD013348}.Release|x86.ActiveCfg = Release|Any CPU
		{9B012B95-0C55-4C66-AA0F-E540FD013348}.Release|x86.Build.0 = Release|Any CPU
		{2A5B6D32-AA44-4EFE-9DF0-4CF174D3A6D9}.Debug|Any CPU.ActiveCfg = Debug|Any CPU
		{2A5B6D32-AA44-4EFE-9DF0-4CF174D3A6D9}.Debug|Any CPU.Build.0 = Debug|Any CPU
		{2A5B6D32-AA44-4EFE-9DF0-4CF174D3A6D9}.Debug|x64.ActiveCfg = Debug|Any CPU
		{2A5B6D32-AA44-4EFE-9DF0-4CF174D3A6D9}.Debug|x64.Build.0 = Debug|Any CPU
		{2A5B6D32-AA44-4EFE-9DF0-4CF174D3A6D9}.Debug|x86.ActiveCfg = Debug|Any CPU
		{2A5B6D32-AA44-4EFE-9DF0-4CF174D3A6D9}.Debug|x86.Build.0 = Debug|Any CPU
		{2A5B6D32-AA44-4EFE-9DF0-4CF174D3A6D9}.Release|Any CPU.ActiveCfg = Release|Any CPU
		{2A5B6D32-AA44-4EFE-9DF0-4CF174D3A6D9}.Release|Any CPU.Build.0 = Release|Any CPU
		{2A5B6D32-AA44-4EFE-9DF0-4CF174D3A6D9}.Release|x64.ActiveCfg = Release|Any CPU
		{2A5B6D32-AA44-4EFE-9DF0-4CF174D3A6D9}.Release|x64.Build.0 = Release|Any CPU
		{2A5B6D32-AA44-4EFE-9DF0-4CF174D3A6D9}.Release|x86.ActiveCfg = Release|Any CPU
		{2A5B6D32-AA44-4EFE-9DF0-4CF174D3A6D9}.Release|x86.Build.0 = Release|Any CPU
		{E57B9A6D-5DA1-4A21-A5CD-3722B6A7D344}.Debug|Any CPU.ActiveCfg = Debug|Any CPU
		{E57B9A6D-5DA1-4A21-A5CD-3722B6A7D344}.Debug|Any CPU.Build.0 = Debug|Any CPU
		{E57B9A6D-5DA1-4A21-A5CD-3722B6A7D344}.Debug|x64.ActiveCfg = Debug|Any CPU
		{E57B9A6D-5DA1-4A21-A5CD-3722B6A7D344}.Debug|x64.Build.0 = Debug|Any CPU
		{E57B9A6D-5DA1-4A21-A5CD-3722B6A7D344}.Debug|x86.ActiveCfg = Debug|Any CPU
		{E57B9A6D-5DA1-4A21-A5CD-3722B6A7D344}.Debug|x86.Build.0 = Debug|Any CPU
		{E57B9A6D-5DA1-4A21-A5CD-3722B6A7D344}.Release|Any CPU.ActiveCfg = Release|Any CPU
		{E57B9A6D-5DA1-4A21-A5CD-3722B6A7D344}.Release|Any CPU.Build.0 = Release|Any CPU
		{E57B9A6D-5DA1-4A21-A5CD-3722B6A7D344}.Release|x64.ActiveCfg = Release|Any CPU
		{E57B9A6D-5DA1-4A21-A5CD-3722B6A7D344}.Release|x64.Build.0 = Release|Any CPU
		{E57B9A6D-5DA1-4A21-A5CD-3722B6A7D344}.Release|x86.ActiveCfg = Release|Any CPU
		{E57B9A6D-5DA1-4A21-A5CD-3722B6A7D344}.Release|x86.Build.0 = Release|Any CPU
		{D85C1C90-4DDC-428F-83AD-89B920C7A70C}.Debug|Any CPU.ActiveCfg = Debug|Any CPU
		{D85C1C90-4DDC-428F-83AD-89B920C7A70C}.Debug|Any CPU.Build.0 = Debug|Any CPU
		{D85C1C90-4DDC-428F-83AD-89B920C7A70C}.Debug|x64.ActiveCfg = Debug|Any CPU
		{D85C1C90-4DDC-428F-83AD-89B920C7A70C}.Debug|x64.Build.0 = Debug|Any CPU
		{D85C1C90-4DDC-428F-83AD-89B920C7A70C}.Debug|x86.ActiveCfg = Debug|Any CPU
		{D85C1C90-4DDC-428F-83AD-89B920C7A70C}.Debug|x86.Build.0 = Debug|Any CPU
		{D85C1C90-4DDC-428F-83AD-89B920C7A70C}.Release|Any CPU.ActiveCfg = Release|Any CPU
		{D85C1C90-4DDC-428F-83AD-89B920C7A70C}.Release|Any CPU.Build.0 = Release|Any CPU
		{D85C1C90-4DDC-428F-83AD-89B920C7A70C}.Release|x64.ActiveCfg = Release|Any CPU
		{D85C1C90-4DDC-428F-83AD-89B920C7A70C}.Release|x64.Build.0 = Release|Any CPU
		{D85C1C90-4DDC-428F-83AD-89B920C7A70C}.Release|x86.ActiveCfg = Release|Any CPU
		{D85C1C90-4DDC-428F-83AD-89B920C7A70C}.Release|x86.Build.0 = Release|Any CPU
		{3190B3E9-C22A-4599-B13F-7E03F6626CB3}.Debug|Any CPU.ActiveCfg = Debug|Any CPU
		{3190B3E9-C22A-4599-B13F-7E03F6626CB3}.Debug|Any CPU.Build.0 = Debug|Any CPU
		{3190B3E9-C22A-4599-B13F-7E03F6626CB3}.Debug|x64.ActiveCfg = Debug|Any CPU
		{3190B3E9-C22A-4599-B13F-7E03F6626CB3}.Debug|x64.Build.0 = Debug|Any CPU
		{3190B3E9-C22A-4599-B13F-7E03F6626CB3}.Debug|x86.ActiveCfg = Debug|Any CPU
		{3190B3E9-C22A-4599-B13F-7E03F6626CB3}.Debug|x86.Build.0 = Debug|Any CPU
		{3190B3E9-C22A-4599-B13F-7E03F6626CB3}.Release|Any CPU.ActiveCfg = Release|Any CPU
		{3190B3E9-C22A-4599-B13F-7E03F6626CB3}.Release|Any CPU.Build.0 = Release|Any CPU
		{3190B3E9-C22A-4599-B13F-7E03F6626CB3}.Release|x64.ActiveCfg = Release|Any CPU
		{3190B3E9-C22A-4599-B13F-7E03F6626CB3}.Release|x64.Build.0 = Release|Any CPU
		{3190B3E9-C22A-4599-B13F-7E03F6626CB3}.Release|x86.ActiveCfg = Release|Any CPU
		{3190B3E9-C22A-4599-B13F-7E03F6626CB3}.Release|x86.Build.0 = Release|Any CPU
		{1DBB29AC-D6E3-4CCC-B736-4FFFB94C1DF3}.Debug|Any CPU.ActiveCfg = Debug|Any CPU
		{1DBB29AC-D6E3-4CCC-B736-4FFFB94C1DF3}.Debug|Any CPU.Build.0 = Debug|Any CPU
		{1DBB29AC-D6E3-4CCC-B736-4FFFB94C1DF3}.Debug|x64.ActiveCfg = Debug|Any CPU
		{1DBB29AC-D6E3-4CCC-B736-4FFFB94C1DF3}.Debug|x64.Build.0 = Debug|Any CPU
		{1DBB29AC-D6E3-4CCC-B736-4FFFB94C1DF3}.Debug|x86.ActiveCfg = Debug|Any CPU
		{1DBB29AC-D6E3-4CCC-B736-4FFFB94C1DF3}.Debug|x86.Build.0 = Debug|Any CPU
		{1DBB29AC-D6E3-4CCC-B736-4FFFB94C1DF3}.Release|Any CPU.ActiveCfg = Release|Any CPU
		{1DBB29AC-D6E3-4CCC-B736-4FFFB94C1DF3}.Release|Any CPU.Build.0 = Release|Any CPU
		{1DBB29AC-D6E3-4CCC-B736-4FFFB94C1DF3}.Release|x64.ActiveCfg = Release|Any CPU
		{1DBB29AC-D6E3-4CCC-B736-4FFFB94C1DF3}.Release|x64.Build.0 = Release|Any CPU
		{1DBB29AC-D6E3-4CCC-B736-4FFFB94C1DF3}.Release|x86.ActiveCfg = Release|Any CPU
		{1DBB29AC-D6E3-4CCC-B736-4FFFB94C1DF3}.Release|x86.Build.0 = Release|Any CPU
	EndGlobalSection
	GlobalSection(SolutionProperties) = preSolution
		HideSolutionNode = FALSE
	EndGlobalSection
	GlobalSection(NestedProjects) = preSolution
		{9B012B95-0C55-4C66-AA0F-E540FD013348} = {827E0CD3-B72D-47B6-A68D-7590B98EB39B}
		{2A5B6D32-AA44-4EFE-9DF0-4CF174D3A6D9} = {827E0CD3-B72D-47B6-A68D-7590B98EB39B}
		{E57B9A6D-5DA1-4A21-A5CD-3722B6A7D344} = {827E0CD3-B72D-47B6-A68D-7590B98EB39B}
		{D85C1C90-4DDC-428F-83AD-89B920C7A70C} = {827E0CD3-B72D-47B6-A68D-7590B98EB39B}
		{3190B3E9-C22A-4599-B13F-7E03F6626CB3} = {0AB3BF05-4346-4AA6-1389-037BE0695223}
		{1DBB29AC-D6E3-4CCC-B736-4FFFB94C1DF3} = {0AB3BF05-4346-4AA6-1389-037BE0695223}
	EndGlobalSection
EndGlobal
